PODS:
  - AFNetworking (1.3.4)
  - DTBonjour (1.1.0)
  - KeychainItemWrapper (1.2)
  - MBProgressHUD (0.9)
  - PKRevealController (2.0.6)

DEPENDENCIES:
  - AFNetworking (~> 1)
  - DTBonjour
  - KeychainItemWrapper
  - MBProgressHUD
  - PKRevealController

SPEC CHECKSUMS:
  AFNetworking: 80c4e0652b08eb34e25b9c0ff3c82556fe5967b4
  DTBonjour: c6be12b4710c27d013fc37ff0b5b23a55492c940
  KeychainItemWrapper: 577e9e920185892873ded075b8ceb730bebdfd91
  MBProgressHUD: 2038dbcf3dce73215abed6001657043d53aa79a8
  PKRevealController: 4f175a432ad868c806dce1ebb3fd8a35d228bdb5

COCOAPODS: 0.34.2
